
Microsoft Visual Studio Solution File, Format Version 12.00
# Visual Studio 15
VisualStudioVersion = 15.0.27004.2008
MinimumVisualStudioVersion = 10.0.40219.1
Project("{FAE04EC0-301F-11D3-BF4B-00C04F79EFBC}") = "Day20_Lecture_FavoritesList", "Day20_Lecture_FavoritesList\Day20_Lecture_FavoritesList.csproj", "{861B5D2B-0B4E-4113-8D58-11CED26A68AA}"
EndProject
Global
	GlobalSection(SolutionConfigurationPlatforms) = preSolution
		Debug|Any CPU = Debug|Any CPU
		Release|Any CPU = Release|Any CPU
	EndGlobalSection
	GlobalSection(ProjectConfigurationPlatforms) = postSolution
		{861B5D2B-0B4E-4113-8D58-11CED26A68AA}.Debug|Any CPU.ActiveCfg = Debug|Any CPU
		{861B5D2B-0B4E-4113-8D58-11CED26A68AA}.Debug|Any CPU.Build.0 = Debug|Any CPU
		{861B5D2B-0B4E-4113-8D58-11CED26A68AA}.Release|Any CPU.ActiveCfg = Release|Any CPU
		{861B5D2B-0B4E-4113-8D58-11CED26A68AA}.Release|Any CPU.Build.0 = Release|Any CPU
	EndGlobalSection
	GlobalSection(SolutionProperties) = preSolution
		HideSolutionNode = FALSE
	EndGlobalSection
	GlobalSection(ExtensibilityGlobals) = postSolution
		SolutionGuid = {A8A9703F-8304-4176-98E8-C6693AC4D6B1}
	EndGlobalSection
EndGlobal
